
Microsoft Visual Studio Solution File, Format Version 12.00
Project("{FAE04EC0-301F-11D3-BF4B-00C04F79EFBC}") = "GameBoyEmu", "GameBoyEmu\GameBoyEmu.csproj", "{64ADCD70-D7CD-4498-AEAA-8ADD9BFA3BFC}"
EndProject
Global
	GlobalSection(SolutionConfigurationPlatforms) = preSolution
		Debug|Any CPU = Debug|Any CPU
		Release|Any CPU = Release|Any CPU
	EndGlobalSection
	GlobalSection(ProjectConfigurationPlatforms) = postSolution
		{64ADCD70-D7CD-4498-AEAA-8ADD9BFA3BFC}.Debug|Any CPU.ActiveCfg = Debug|Any CPU
		{64ADCD70-D7CD-4498-AEAA-8ADD9BFA3BFC}.Debug|Any CPU.Build.0 = Debug|Any CPU
		{64ADCD70-D7CD-4498-AEAA-8ADD9BFA3BFC}.Release|Any CPU.ActiveCfg = Release|Any CPU
		{64ADCD70-D7CD-4498-AEAA-8ADD9BFA3BFC}.Release|Any CPU.Build.0 = Release|Any CPU
	EndGlobalSection
EndGlobal
